// !$*UTF8*$!
{
	archiveVersion = 1;
	classes = {
	};
	objectVersion = 46;
	objects = {

/* Begin PBXBuildFile section */
		5F85BF041861B5C100C3504E /* PersonalInformationViewController.m in Sources */ = {isa = PBXBuildFile; fileRef = 5F85BF021861B5C100C3504E /* PersonalInformationViewController.m */; };
		5F85BF051861B5C100C3504E /* PersonalInformationViewController.xib in Resources */ = {isa = PBXBuildFile; fileRef = 5F85BF031861B5C100C3504E /* PersonalInformationViewController.xib */; };
		5FBD1C571861AE8F0073B7E6 /* Foundation.framework in Frameworks */ = {isa = PBXBuildFile; fileRef = 5FBD1C561861AE8F0073B7E6 /* Foundation.framework */; };
		5FBD1C591861AE8F0073B7E6 /* CoreGraphics.framework in Frameworks */ = {isa = PBXBuildFile; fileRef = 5FBD1C581861AE8F0073B7E6 /* CoreGraphics.framework */; };
		5FBD1C5B1861AE8F0073B7E6 /* UIKit.framework in Frameworks */ = {isa = PBXBuildFile; fileRef = 5FBD1C5A1861AE8F0073B7E6 /* UIKit.framework */; };
		5FBD1C611861AE8F0073B7E6 /* InfoPlist.strings in Resources */ = {isa = PBXBuildFile; fileRef = 5FBD1C5F1861AE8F0073B7E6 /* InfoPlist.strings */; };
		5FBD1C631861AE8F0073B7E6 /* main.m in Sources */ = {isa = PBXBuildFile; fileRef = 5FBD1C621861AE8F0073B7E6 /* main.m */; };
		5FBD1C671861AE8F0073B7E6 /* BUGAppDelegate.m in Sources */ = {isa = PBXBuildFile; fileRef = 5FBD1C661861AE8F0073B7E6 /* BUGAppDelegate.m */; };
		5FBD1C6A1861AE8F0073B7E6 /* Main.storyboard in Resources */ = {isa = PBXBuildFile; fileRef = 5FBD1C681861AE8F0073B7E6 /* Main.storyboard */; };
		5FBD1C6D1861AE8F0073B7E6 /* MainViewController.m in Sources */ = {isa = PBXBuildFile; fileRef = 5FBD1C6C1861AE8F0073B7E6 /* MainViewController.m */; };
		5FBD1C6F1861AE8F0073B7E6 /* Images.xcassets in Resources */ = {isa = PBXBuildFile; fileRef = 5FBD1C6E1861AE8F0073B7E6 /* Images.xcassets */; };
		5FBD1C761861AE8F0073B7E6 /* XCTest.framework in Frameworks */ = {isa = PBXBuildFile; fileRef = 5FBD1C751861AE8F0073B7E6 /* XCTest.framework */; };
		5FBD1C771861AE8F0073B7E6 /* Foundation.framework in Frameworks */ = {isa = PBXBuildFile; fileRef = 5FBD1C561861AE8F0073B7E6 /* Foundation.framework */; };
		5FBD1C781861AE8F0073B7E6 /* UIKit.framework in Frameworks */ = {isa = PBXBuildFile; fileRef = 5FBD1C5A1861AE8F0073B7E6 /* UIKit.framework */; };
		5FBD1C801861AE8F0073B7E6 /* InfoPlist.strings in Resources */ = {isa = PBXBuildFile; fileRef = 5FBD1C7E1861AE8F0073B7E6 /* InfoPlist.strings */; };
		5FBD1C821861AE8F0073B7E6 /* KeyboardBugTests.m in Sources */ = {isa = PBXBuildFile; fileRef = 5FBD1C811861AE8F0073B7E6 /* KeyboardBugTests.m */; };
		7E11EB3B19BCBEC400CB7300 /* CategoryViewController.m in Sources */ = {isa = PBXBuildFile; fileRef = 7E11EB3919BCBEC400CB7300 /* CategoryViewController.m */; };
		7E11EB3C19BCBEC400CB7300 /* CategoryViewController.xib in Resources */ = {isa = PBXBuildFile; fileRef = 7E11EB3A19BCBEC400CB7300 /* CategoryViewController.xib */; };
		7E11EB3E19BCC6DC00CB7300 /* categories.png in Resources */ = {isa = PBXBuildFile; fileRef = 7E11EB3D19BCC6DC00CB7300 /* categories.png */; };
		7E11EB4019BD07D100CB7300 /* chevron.png in Resources */ = {isa = PBXBuildFile; fileRef = 7E11EB3F19BD07D100CB7300 /* chevron.png */; };
		7EA4B6DF19B4C3B4005BB9BC /* Question.m in Sources */ = {isa = PBXBuildFile; fileRef = 7EA4B6DE19B4C3B4005BB9BC /* Question.m */; };
		7EA4B6E219B4D782005BB9BC /* Questions.m in Sources */ = {isa = PBXBuildFile; fileRef = 7EA4B6E119B4D782005BB9BC /* Questions.m */; };
		7EC8FD3C19BDBFCD00036037 /* settings.png in Resources */ = {isa = PBXBuildFile; fileRef = 7EC8FD3B19BDBFCD00036037 /* settings.png */; };
		7ECCB1B819BBB18C00E5B9B2 /* QuestionSticker.m in Sources */ = {isa = PBXBuildFile; fileRef = 7ECCB1B719BBB18C00E5B9B2 /* QuestionSticker.m */; };
		7ED6B7A919BD9BD400A739C8 /* InitialSetup.m in Sources */ = {isa = PBXBuildFile; fileRef = 7ED6B7A819BD9BD400A739C8 /* InitialSetup.m */; };
		7ED6B7AC19BD9C8F00A739C8 /* InternalCategory.m in Sources */ = {isa = PBXBuildFile; fileRef = 7ED6B7AB19BD9C8F00A739C8 /* InternalCategory.m */; };
		7EFAC28E19B7A05000B2C78B /* UserInformation.m in Sources */ = {isa = PBXBuildFile; fileRef = 7EFAC28D19B7A05000B2C78B /* UserInformation.m */; };
		7EFAC29019B7ECAA00B2C78B /* Default.png in Resources */ = {isa = PBXBuildFile; fileRef = 7EFAC28F19B7ECAA00B2C78B /* Default.png */; };
		7EFAC29219B7ECBA00B2C78B /* panda-small.png in Resources */ = {isa = PBXBuildFile; fileRef = 7EFAC29119B7ECBA00B2C78B /* panda-small.png */; };
		7EFAC29C19B7ECC700B2C78B /* drugsandalcohol-darkgreen.png in Resources */ = {isa = PBXBuildFile; fileRef = 7EFAC29319B7ECC700B2C78B /* drugsandalcohol-darkgreen.png */; };
		7EFAC29D19B7ECC700B2C78B /* family-orange.png in Resources */ = {isa = PBXBuildFile; fileRef = 7EFAC29419B7ECC700B2C78B /* family-orange.png */; };
		7EFAC29E19B7ECC700B2C78B /* feelings-deeppurple.png in Resources */ = {isa = PBXBuildFile; fileRef = 7EFAC29519B7ECC700B2C78B /* feelings-deeppurple.png */; };
		7EFAC29F19B7ECC700B2C78B /* friends-yellow.png in Resources */ = {isa = PBXBuildFile; fileRef = 7EFAC29619B7ECC700B2C78B /* friends-yellow.png */; };
		7EFAC2A019B7ECC700B2C78B /* health-green.png in Resources */ = {isa = PBXBuildFile; fileRef = 7EFAC29719B7ECC700B2C78B /* health-green.png */; };
		7EFAC2A119B7ECC700B2C78B /* relationships-purple.png in Resources */ = {isa = PBXBuildFile; fileRef = 7EFAC29819B7ECC700B2C78B /* relationships-purple.png */; };
		7EFAC2A219B7ECC700B2C78B /* school-turqouise.png in Resources */ = {isa = PBXBuildFile; fileRef = 7EFAC29919B7ECC700B2C78B /* school-turqouise.png */; };
		7EFAC2A319B7ECC700B2C78B /* sex-redish.png in Resources */ = {isa = PBXBuildFile; fileRef = 7EFAC29A19B7ECC700B2C78B /* sex-redish.png */; };
		7EFAC2A419B7ECC700B2C78B /* yourbody-blue.png in Resources */ = {isa = PBXBuildFile; fileRef = 7EFAC29B19B7ECC700B2C78B /* yourbody-blue.png */; };
		7EFAC2B019B7F42800B2C78B /* Icon-29.png in Resources */ = {isa = PBXBuildFile; fileRef = 7EFAC2A619B7F42700B2C78B /* Icon-29.png */; };
		7EFAC2B119B7F42800B2C78B /* Icon-29@2x.png in Resources */ = {isa = PBXBuildFile; fileRef = 7EFAC2A719B7F42700B2C78B /* Icon-29@2x.png */; };
		7EFAC2B219B7F42800B2C78B /* Icon-40.png in Resources */ = {isa = PBXBuildFile; fileRef = 7EFAC2A819B7F42700B2C78B /* Icon-40.png */; };
		7EFAC2B319B7F42800B2C78B /* Icon-40@2x.png in Resources */ = {isa = PBXBuildFile; fileRef = 7EFAC2A919B7F42700B2C78B /* Icon-40@2x.png */; };
		7EFAC2B419B7F42800B2C78B /* Icon-60.png in Resources */ = {isa = PBXBuildFile; fileRef = 7EFAC2AA19B7F42700B2C78B /* Icon-60.png */; };
		7EFAC2B519B7F42800B2C78B /* Icon-60@2x.png in Resources */ = {isa = PBXBuildFile; fileRef = 7EFAC2AB19B7F42800B2C78B /* Icon-60@2x.png */; };
		7EFAC2B619B7F42800B2C78B /* Icon.png in Resources */ = {isa = PBXBuildFile; fileRef = 7EFAC2AC19B7F42800B2C78B /* Icon.png */; };
		7EFAC2B719B7F42800B2C78B /* Icon@2x.png in Resources */ = {isa = PBXBuildFile; fileRef = 7EFAC2AD19B7F42800B2C78B /* Icon@2x.png */; };
		7EFAC2B819B7F42800B2C78B /* iTunesArtwork512 in Resources */ = {isa = PBXBuildFile; fileRef = 7EFAC2AE19B7F42800B2C78B /* iTunesArtwork512 */; };
		7EFAC2B919B7F42800B2C78B /* iTunesArtwork1024 in Resources */ = {isa = PBXBuildFile; fileRef = 7EFAC2AF19B7F42800B2C78B /* iTunesArtwork1024 */; };
/* End PBXBuildFile section */

/* Begin PBXContainerItemProxy section */
		5FBD1C791861AE8F0073B7E6 /* PBXContainerItemProxy */ = {
			isa = PBXContainerItemProxy;
			containerPortal = 5FBD1C4B1861AE8F0073B7E6 /* Project object */;
			proxyType = 1;
			remoteGlobalIDString = 5FBD1C521861AE8F0073B7E6;
			remoteInfo = KeyboardBug;
		};
/* End PBXContainerItemProxy section */

/* Begin PBXFileReference section */
		5F85BF011861B5C100C3504E /* PersonalInformationViewController.h */ = {isa = PBXFileReference; fileEncoding = 4; lastKnownFileType = sourcecode.c.h; path = PersonalInformationViewController.h; sourceTree = "<group>"; };
		5F85BF021861B5C100C3504E /* PersonalInformationViewController.m */ = {isa = PBXFileReference; fileEncoding = 4; lastKnownFileType = sourcecode.c.objc; path = PersonalInformationViewController.m; sourceTree = "<group>"; };
		5F85BF031861B5C100C3504E /* PersonalInformationViewController.xib */ = {isa = PBXFileReference; fileEncoding = 4; lastKnownFileType = file.xib; path = PersonalInformationViewController.xib; sourceTree = "<group>"; };
		5FBD1C531861AE8F0073B7E6 /* shy.app */ = {isa = PBXFileReference; explicitFileType = wrapper.application; includeInIndex = 0; path = shy.app; sourceTree = BUILT_PRODUCTS_DIR; };
		5FBD1C561861AE8F0073B7E6 /* Foundation.framework */ = {isa = PBXFileReference; lastKnownFileType = wrapper.framework; name = Foundation.framework; path = System/Library/Frameworks/Foundation.framework; sourceTree = SDKROOT; };
		5FBD1C581861AE8F0073B7E6 /* CoreGraphics.framework */ = {isa = PBXFileReference; lastKnownFileType = wrapper.framework; name = CoreGraphics.framework; path = System/Library/Frameworks/CoreGraphics.framework; sourceTree = SDKROOT; };
		5FBD1C5A1861AE8F0073B7E6 /* UIKit.framework */ = {isa = PBXFileReference; lastKnownFileType = wrapper.framework; name = UIKit.framework; path = System/Library/Frameworks/UIKit.framework; sourceTree = SDKROOT; };
		5FBD1C5E1861AE8F0073B7E6 /* Shy-Info.plist */ = {isa = PBXFileReference; lastKnownFileType = text.plist.xml; path = "Shy-Info.plist"; sourceTree = "<group>"; };
		5FBD1C601861AE8F0073B7E6 /* en */ = {isa = PBXFileReference; lastKnownFileType = text.plist.strings; name = en; path = en.lproj/InfoPlist.strings; sourceTree = "<group>"; };
		5FBD1C621861AE8F0073B7E6 /* main.m */ = {isa = PBXFileReference; lastKnownFileType = sourcecode.c.objc; path = main.m; sourceTree = "<group>"; };
		5FBD1C641861AE8F0073B7E6 /* Shy-Prefix.pch */ = {isa = PBXFileReference; lastKnownFileType = sourcecode.c.h; path = "Shy-Prefix.pch"; sourceTree = "<group>"; };
		5FBD1C651861AE8F0073B7E6 /* BUGAppDelegate.h */ = {isa = PBXFileReference; lastKnownFileType = sourcecode.c.h; path = BUGAppDelegate.h; sourceTree = "<group>"; };
		5FBD1C661861AE8F0073B7E6 /* BUGAppDelegate.m */ = {isa = PBXFileReference; lastKnownFileType = sourcecode.c.objc; path = BUGAppDelegate.m; sourceTree = "<group>"; };
		5FBD1C691861AE8F0073B7E6 /* Base */ = {isa = PBXFileReference; lastKnownFileType = file.storyboard; name = Base; path = Base.lproj/Main.storyboard; sourceTree = "<group>"; };
		5FBD1C6B1861AE8F0073B7E6 /* MainViewController.h */ = {isa = PBXFileReference; lastKnownFileType = sourcecode.c.h; path = MainViewController.h; sourceTree = "<group>"; };
		5FBD1C6C1861AE8F0073B7E6 /* MainViewController.m */ = {isa = PBXFileReference; lastKnownFileType = sourcecode.c.objc; path = MainViewController.m; sourceTree = "<group>"; };
		5FBD1C6E1861AE8F0073B7E6 /* Images.xcassets */ = {isa = PBXFileReference; lastKnownFileType = folder.assetcatalog; path = Images.xcassets; sourceTree = "<group>"; };
		5FBD1C741861AE8F0073B7E6 /* ShyTests.xctest */ = {isa = PBXFileReference; explicitFileType = wrapper.cfbundle; includeInIndex = 0; path = ShyTests.xctest; sourceTree = BUILT_PRODUCTS_DIR; };
		5FBD1C751861AE8F0073B7E6 /* XCTest.framework */ = {isa = PBXFileReference; lastKnownFileType = wrapper.framework; name = XCTest.framework; path = Library/Frameworks/XCTest.framework; sourceTree = DEVELOPER_DIR; };
		5FBD1C7D1861AE8F0073B7E6 /* ShyTests-Info.plist */ = {isa = PBXFileReference; lastKnownFileType = text.plist.xml; path = "ShyTests-Info.plist"; sourceTree = "<group>"; };
		5FBD1C7F1861AE8F0073B7E6 /* en */ = {isa = PBXFileReference; lastKnownFileType = text.plist.strings; name = en; path = en.lproj/InfoPlist.strings; sourceTree = "<group>"; };
		5FBD1C811861AE8F0073B7E6 /* KeyboardBugTests.m */ = {isa = PBXFileReference; lastKnownFileType = sourcecode.c.objc; path = KeyboardBugTests.m; sourceTree = "<group>"; };
		7E11EB3819BCBEC400CB7300 /* CategoryViewController.h */ = {isa = PBXFileReference; fileEncoding = 4; lastKnownFileType = sourcecode.c.h; path = CategoryViewController.h; sourceTree = "<group>"; };
		7E11EB3919BCBEC400CB7300 /* CategoryViewController.m */ = {isa = PBXFileReference; fileEncoding = 4; lastKnownFileType = sourcecode.c.objc; path = CategoryViewController.m; sourceTree = "<group>"; };
		7E11EB3A19BCBEC400CB7300 /* CategoryViewController.xib */ = {isa = PBXFileReference; fileEncoding = 4; lastKnownFileType = file.xib; path = CategoryViewController.xib; sourceTree = "<group>"; };
		7E11EB3D19BCC6DC00CB7300 /* categories.png */ = {isa = PBXFileReference; lastKnownFileType = image.png; name = categories.png; path = KeyboardBug/Images/categories.png; sourceTree = "<group>"; };
		7E11EB3F19BD07D100CB7300 /* chevron.png */ = {isa = PBXFileReference; lastKnownFileType = image.png; name = chevron.png; path = KeyboardBug/Images/chevron.png; sourceTree = "<group>"; };
		7EA4B6DD19B4C3B4005BB9BC /* Question.h */ = {isa = PBXFileReference; fileEncoding = 4; lastKnownFileType = sourcecode.c.h; path = Question.h; sourceTree = "<group>"; };
		7EA4B6DE19B4C3B4005BB9BC /* Question.m */ = {isa = PBXFileReference; fileEncoding = 4; lastKnownFileType = sourcecode.c.objc; path = Question.m; sourceTree = "<group>"; };
		7EA4B6E019B4D782005BB9BC /* Questions.h */ = {isa = PBXFileReference; fileEncoding = 4; lastKnownFileType = sourcecode.c.h; path = Questions.h; sourceTree = "<group>"; };
		7EA4B6E119B4D782005BB9BC /* Questions.m */ = {isa = PBXFileReference; fileEncoding = 4; lastKnownFileType = sourcecode.c.objc; path = Questions.m; sourceTree = "<group>"; };
		7EC8FD3B19BDBFCD00036037 /* settings.png */ = {isa = PBXFileReference; lastKnownFileType = image.png; name = settings.png; path = KeyboardBug/Images/settings.png; sourceTree = "<group>"; };
		7ECCB1B619BBB18C00E5B9B2 /* QuestionSticker.h */ = {isa = PBXFileReference; fileEncoding = 4; lastKnownFileType = sourcecode.c.h; path = QuestionSticker.h; sourceTree = "<group>"; };
		7ECCB1B719BBB18C00E5B9B2 /* QuestionSticker.m */ = {isa = PBXFileReference; fileEncoding = 4; lastKnownFileType = sourcecode.c.objc; path = QuestionSticker.m; sourceTree = "<group>"; };
		7ED6B7A719BD9BD400A739C8 /* InitialSetup.h */ = {isa = PBXFileReference; fileEncoding = 4; lastKnownFileType = sourcecode.c.h; path = InitialSetup.h; sourceTree = "<group>"; };
		7ED6B7A819BD9BD400A739C8 /* InitialSetup.m */ = {isa = PBXFileReference; fileEncoding = 4; lastKnownFileType = sourcecode.c.objc; path = InitialSetup.m; sourceTree = "<group>"; };
		7ED6B7AA19BD9C8F00A739C8 /* InternalCategory.h */ = {isa = PBXFileReference; fileEncoding = 4; lastKnownFileType = sourcecode.c.h; path = InternalCategory.h; sourceTree = "<group>"; };
		7ED6B7AB19BD9C8F00A739C8 /* InternalCategory.m */ = {isa = PBXFileReference; fileEncoding = 4; lastKnownFileType = sourcecode.c.objc; path = InternalCategory.m; sourceTree = "<group>"; };
		7EFAC28C19B7A05000B2C78B /* UserInformation.h */ = {isa = PBXFileReference; fileEncoding = 4; lastKnownFileType = sourcecode.c.h; path = UserInformation.h; sourceTree = "<group>"; };
		7EFAC28D19B7A05000B2C78B /* UserInformation.m */ = {isa = PBXFileReference; fileEncoding = 4; lastKnownFileType = sourcecode.c.objc; path = UserInformation.m; sourceTree = "<group>"; };
		7EFAC28F19B7ECAA00B2C78B /* Default.png */ = {isa = PBXFileReference; lastKnownFileType = image.png; name = Default.png; path = Images/Splash/Default.png; sourceTree = "<group>"; };
		7EFAC29119B7ECBA00B2C78B /* panda-small.png */ = {isa = PBXFileReference; lastKnownFileType = image.png; name = "panda-small.png"; path = "KeyboardBug/Images/panda-small.png"; sourceTree = "<group>"; };
		7EFAC29319B7ECC700B2C78B /* drugsandalcohol-darkgreen.png */ = {isa = PBXFileReference; lastKnownFileType = image.png; name = "drugsandalcohol-darkgreen.png"; path = "KeyboardBug/Images/drugsandalcohol-darkgreen.png"; sourceTree = "<group>"; };
		7EFAC29419B7ECC700B2C78B /* family-orange.png */ = {isa = PBXFileReference; lastKnownFileType = image.png; name = "family-orange.png"; path = "KeyboardBug/Images/family-orange.png"; sourceTree = "<group>"; };
		7EFAC29519B7ECC700B2C78B /* feelings-deeppurple.png */ = {isa = PBXFileReference; lastKnownFileType = image.png; name = "feelings-deeppurple.png"; path = "KeyboardBug/Images/feelings-deeppurple.png"; sourceTree = "<group>"; };
		7EFAC29619B7ECC700B2C78B /* friends-yellow.png */ = {isa = PBXFileReference; lastKnownFileType = image.png; name = "friends-yellow.png"; path = "KeyboardBug/Images/friends-yellow.png"; sourceTree = "<group>"; };
		7EFAC29719B7ECC700B2C78B /* health-green.png */ = {isa = PBXFileReference; lastKnownFileType = image.png; name = "health-green.png"; path = "KeyboardBug/Images/health-green.png"; sourceTree = "<group>"; };
		7EFAC29819B7ECC700B2C78B /* relationships-purple.png */ = {isa = PBXFileReference; lastKnownFileType = image.png; name = "relationships-purple.png"; path = "KeyboardBug/Images/relationships-purple.png"; sourceTree = "<group>"; };
		7EFAC29919B7ECC700B2C78B /* school-turqouise.png */ = {isa = PBXFileReference; lastKnownFileType = image.png; name = "school-turqouise.png"; path = "KeyboardBug/Images/school-turqouise.png"; sourceTree = "<group>"; };
		7EFAC29A19B7ECC700B2C78B /* sex-redish.png */ = {isa = PBXFileReference; lastKnownFileType = image.png; name = "sex-redish.png"; path = "KeyboardBug/Images/sex-redish.png"; sourceTree = "<group>"; };
		7EFAC29B19B7ECC700B2C78B /* yourbody-blue.png */ = {isa = PBXFileReference; lastKnownFileType = image.png; name = "yourbody-blue.png"; path = "KeyboardBug/Images/yourbody-blue.png"; sourceTree = "<group>"; };
		7EFAC2A619B7F42700B2C78B /* Icon-29.png */ = {isa = PBXFileReference; lastKnownFileType = image.png; name = "Icon-29.png"; path = "Images/Icons/Icon-29.png"; sourceTree = "<group>"; };
		7EFAC2A719B7F42700B2C78B /* Icon-29@2x.png */ = {isa = PBXFileReference; lastKnownFileType = image.png; name = "Icon-29@2x.png"; path = "Images/Icons/Icon-29@2x.png"; sourceTree = "<group>"; };
		7EFAC2A819B7F42700B2C78B /* Icon-40.png */ = {isa = PBXFileReference; lastKnownFileType = image.png; name = "Icon-40.png"; path = "Images/Icons/Icon-40.png"; sourceTree = "<group>"; };
		7EFAC2A919B7F42700B2C78B /* Icon-40@2x.png */ = {isa = PBXFileReference; lastKnownFileType = image.png; name = "Icon-40@2x.png"; path = "Images/Icons/Icon-40@2x.png"; sourceTree = "<group>"; };
		7EFAC2AA19B7F42700B2C78B /* Icon-60.png */ = {isa = PBXFileReference; lastKnownFileType = image.png; name = "Icon-60.png"; path = "Images/Icons/Icon-60.png"; sourceTree = "<group>"; };
		7EFAC2AB19B7F42800B2C78B /* Icon-60@2x.png */ = {isa = PBXFileReference; lastKnownFileType = image.png; name = "Icon-60@2x.png"; path = "Images/Icons/Icon-60@2x.png"; sourceTree = "<group>"; };
		7EFAC2AC19B7F42800B2C78B /* Icon.png */ = {isa = PBXFileReference; lastKnownFileType = image.png; name = Icon.png; path = Images/Icons/Icon.png; sourceTree = "<group>"; };
		7EFAC2AD19B7F42800B2C78B /* Icon@2x.png */ = {isa = PBXFileReference; lastKnownFileType = image.png; name = "Icon@2x.png"; path = "Images/Icons/Icon@2x.png"; sourceTree = "<group>"; };
		7EFAC2AE19B7F42800B2C78B /* iTunesArtwork512 */ = {isa = PBXFileReference; lastKnownFileType = file; name = iTunesArtwork512; path = Images/Icons/iTunesArtwork512; sourceTree = "<group>"; };
		7EFAC2AF19B7F42800B2C78B /* iTunesArtwork1024 */ = {isa = PBXFileReference; lastKnownFileType = file; name = iTunesArtwork1024; path = Images/Icons/iTunesArtwork1024; sourceTree = "<group>"; };
/* End PBXFileReference section */

/* Begin PBXFrameworksBuildPhase section */
		5FBD1C501861AE8F0073B7E6 /* Frameworks */ = {
			isa = PBXFrameworksBuildPhase;
			buildActionMask = 2147483647;
			files = (
				5FBD1C591861AE8F0073B7E6 /* CoreGraphics.framework in Frameworks */,
				5FBD1C5B1861AE8F0073B7E6 /* UIKit.framework in Frameworks */,
				5FBD1C571861AE8F0073B7E6 /* Foundation.framework in Frameworks */,
			);
			runOnlyForDeploymentPostprocessing = 0;
		};
		5FBD1C711861AE8F0073B7E6 /* Frameworks */ = {
			isa = PBXFrameworksBuildPhase;
			buildActionMask = 2147483647;
			files = (
				5FBD1C761861AE8F0073B7E6 /* XCTest.framework in Frameworks */,
				5FBD1C781861AE8F0073B7E6 /* UIKit.framework in Frameworks */,
				5FBD1C771861AE8F0073B7E6 /* Foundation.framework in Frameworks */,
			);
			runOnlyForDeploymentPostprocessing = 0;
		};
/* End PBXFrameworksBuildPhase section */

/* Begin PBXGroup section */
		5FBD1C4A1861AE8F0073B7E6 = {
			isa = PBXGroup;
			children = (
				7EFAC2A519B7ECD400B2C78B /* Gradients */,
				7E29D79E19B67A15002FFD3F /* Other Graphics */,
				7E29D79B19B67826002FFD3F /* Splash Screens */,
				7EA4B6E319B51676005BB9BC /* Icons */,
				5FBD1C5C1861AE8F0073B7E6 /* Shy */,
				5FBD1C7B1861AE8F0073B7E6 /* KeyboardBugTests */,
				5FBD1C551861AE8F0073B7E6 /* Frameworks */,
				5FBD1C541861AE8F0073B7E6 /* Products */,
			);
			sourceTree = "<group>";
		};
		5FBD1C541861AE8F0073B7E6 /* Products */ = {
			isa = PBXGroup;
			children = (
				5FBD1C531861AE8F0073B7E6 /* shy.app */,
				5FBD1C741861AE8F0073B7E6 /* ShyTests.xctest */,
			);
			name = Products;
			sourceTree = "<group>";
		};
		5FBD1C551861AE8F0073B7E6 /* Frameworks */ = {
			isa = PBXGroup;
			children = (
				5FBD1C561861AE8F0073B7E6 /* Foundation.framework */,
				5FBD1C581861AE8F0073B7E6 /* CoreGraphics.framework */,
				5FBD1C5A1861AE8F0073B7E6 /* UIKit.framework */,
				5FBD1C751861AE8F0073B7E6 /* XCTest.framework */,
			);
			name = Frameworks;
			sourceTree = "<group>";
		};
		5FBD1C5C1861AE8F0073B7E6 /* Shy */ = {
			isa = PBXGroup;
			children = (
				5FBD1C651861AE8F0073B7E6 /* BUGAppDelegate.h */,
				5FBD1C661861AE8F0073B7E6 /* BUGAppDelegate.m */,
				5FBD1C681861AE8F0073B7E6 /* Main.storyboard */,
				5FBD1C6B1861AE8F0073B7E6 /* MainViewController.h */,
				5FBD1C6C1861AE8F0073B7E6 /* MainViewController.m */,
				5F85BF011861B5C100C3504E /* PersonalInformationViewController.h */,
				5F85BF021861B5C100C3504E /* PersonalInformationViewController.m */,
				5F85BF031861B5C100C3504E /* PersonalInformationViewController.xib */,
				7ECCB1B619BBB18C00E5B9B2 /* QuestionSticker.h */,
				7ECCB1B719BBB18C00E5B9B2 /* QuestionSticker.m */,
				7E11EB3819BCBEC400CB7300 /* CategoryViewController.h */,
				7E11EB3919BCBEC400CB7300 /* CategoryViewController.m */,
				7E11EB3A19BCBEC400CB7300 /* CategoryViewController.xib */,
				7EA4B6DD19B4C3B4005BB9BC /* Question.h */,
				7EA4B6DE19B4C3B4005BB9BC /* Question.m */,
				7EA4B6E019B4D782005BB9BC /* Questions.h */,
				7EA4B6E119B4D782005BB9BC /* Questions.m */,
				7EFAC28C19B7A05000B2C78B /* UserInformation.h */,
				7EFAC28D19B7A05000B2C78B /* UserInformation.m */,
				7ED6B7A719BD9BD400A739C8 /* InitialSetup.h */,
				7ED6B7A819BD9BD400A739C8 /* InitialSetup.m */,
				7ED6B7AA19BD9C8F00A739C8 /* InternalCategory.h */,
				7ED6B7AB19BD9C8F00A739C8 /* InternalCategory.m */,
				5FBD1C6E1861AE8F0073B7E6 /* Images.xcassets */,
				5FBD1C5D1861AE8F0073B7E6 /* Supporting Files */,
			);
			name = Shy;
			path = KeyboardBug;
			sourceTree = "<group>";
		};
		5FBD1C5D1861AE8F0073B7E6 /* Supporting Files */ = {
			isa = PBXGroup;
			children = (
				5FBD1C5E1861AE8F0073B7E6 /* Shy-Info.plist */,
				5FBD1C5F1861AE8F0073B7E6 /* InfoPlist.strings */,
				5FBD1C621861AE8F0073B7E6 /* main.m */,
				5FBD1C641861AE8F0073B7E6 /* Shy-Prefix.pch */,
			);
			name = "Supporting Files";
			sourceTree = "<group>";
		};
		5FBD1C7B1861AE8F0073B7E6 /* KeyboardBugTests */ = {
			isa = PBXGroup;
			children = (
				5FBD1C811861AE8F0073B7E6 /* KeyboardBugTests.m */,
				5FBD1C7C1861AE8F0073B7E6 /* Supporting Files */,
			);
			path = KeyboardBugTests;
			sourceTree = "<group>";
		};
		5FBD1C7C1861AE8F0073B7E6 /* Supporting Files */ = {
			isa = PBXGroup;
			children = (
				5FBD1C7D1861AE8F0073B7E6 /* ShyTests-Info.plist */,
				5FBD1C7E1861AE8F0073B7E6 /* InfoPlist.strings */,
			);
			name = "Supporting Files";
			sourceTree = "<group>";
		};
		7E29D79B19B67826002FFD3F /* Splash Screens */ = {
			isa = PBXGroup;
			children = (
				7EFAC28F19B7ECAA00B2C78B /* Default.png */,
			);
			name = "Splash Screens";
			path = KeyboardBug;
			sourceTree = "<group>";
		};
		7E29D79E19B67A15002FFD3F /* Other Graphics */ = {
			isa = PBXGroup;
			children = (
				7E11EB3F19BD07D100CB7300 /* chevron.png */,
				7E11EB3D19BCC6DC00CB7300 /* categories.png */,
				7EFAC29119B7ECBA00B2C78B /* panda-small.png */,
				7EC8FD3B19BDBFCD00036037 /* settings.png */,
			);
			name = "Other Graphics";
			sourceTree = "<group>";
		};
		7EA4B6E319B51676005BB9BC /* Icons */ = {
			isa = PBXGroup;
			children = (
				7EFAC2A619B7F42700B2C78B /* Icon-29.png */,
				7EFAC2A719B7F42700B2C78B /* Icon-29@2x.png */,
				7EFAC2A819B7F42700B2C78B /* Icon-40.png */,
				7EFAC2A919B7F42700B2C78B /* Icon-40@2x.png */,
				7EFAC2AA19B7F42700B2C78B /* Icon-60.png */,
				7EFAC2AB19B7F42800B2C78B /* Icon-60@2x.png */,
				7EFAC2AC19B7F42800B2C78B /* Icon.png */,
				7EFAC2AD19B7F42800B2C78B /* Icon@2x.png */,
				7EFAC2AE19B7F42800B2C78B /* iTunesArtwork512 */,
				7EFAC2AF19B7F42800B2C78B /* iTunesArtwork1024 */,
			);
			name = Icons;
			path = KeyboardBug;
			sourceTree = "<group>";
		};
		7EFAC2A519B7ECD400B2C78B /* Gradients */ = {
			isa = PBXGroup;
			children = (
				7EFAC29319B7ECC700B2C78B /* drugsandalcohol-darkgreen.png */,
				7EFAC29419B7ECC700B2C78B /* family-orange.png */,
				7EFAC29519B7ECC700B2C78B /* feelings-deeppurple.png */,
				7EFAC29619B7ECC700B2C78B /* friends-yellow.png */,
				7EFAC29719B7ECC700B2C78B /* health-green.png */,
				7EFAC29819B7ECC700B2C78B /* relationships-purple.png */,
				7EFAC29919B7ECC700B2C78B /* school-turqouise.png */,
				7EFAC29A19B7ECC700B2C78B /* sex-redish.png */,
				7EFAC29B19B7ECC700B2C78B /* yourbody-blue.png */,
			);
			name = Gradients;
			sourceTree = "<group>";
		};
/* End PBXGroup section */

/* Begin PBXNativeTarget section */
		5FBD1C521861AE8F0073B7E6 /* Shy */ = {
			isa = PBXNativeTarget;
			buildConfigurationList = 5FBD1C851861AE8F0073B7E6 /* Build configuration list for PBXNativeTarget "Shy" */;
			buildPhases = (
				5FBD1C4F1861AE8F0073B7E6 /* Sources */,
				5FBD1C501861AE8F0073B7E6 /* Frameworks */,
				5FBD1C511861AE8F0073B7E6 /* Resources */,
			);
			buildRules = (
			);
			dependencies = (
			);
			name = Shy;
			productName = KeyboardBug;
			productReference = 5FBD1C531861AE8F0073B7E6 /* shy.app */;
			productType = "com.apple.product-type.application";
		};
		5FBD1C731861AE8F0073B7E6 /* ShyTests */ = {
			isa = PBXNativeTarget;
			buildConfigurationList = 5FBD1C881861AE8F0073B7E6 /* Build configuration list for PBXNativeTarget "ShyTests" */;
			buildPhases = (
				5FBD1C701861AE8F0073B7E6 /* Sources */,
				5FBD1C711861AE8F0073B7E6 /* Frameworks */,
				5FBD1C721861AE8F0073B7E6 /* Resources */,
			);
			buildRules = (
			);
			dependencies = (
				5FBD1C7A1861AE8F0073B7E6 /* PBXTargetDependency */,
			);
			name = ShyTests;
			productName = KeyboardBugTests;
			productReference = 5FBD1C741861AE8F0073B7E6 /* ShyTests.xctest */;
			productType = "com.apple.product-type.bundle.unit-test";
		};
/* End PBXNativeTarget section */

/* Begin PBXProject section */
		5FBD1C4B1861AE8F0073B7E6 /* Project object */ = {
			isa = PBXProject;
			attributes = {
				CLASSPREFIX = BUG;
				LastUpgradeCheck = 0510;
				ORGANIZATIONNAME = "Apple, Inc";
				TargetAttributes = {
					5FBD1C731861AE8F0073B7E6 = {
						TestTargetID = 5FBD1C521861AE8F0073B7E6;
					};
				};
			};
			buildConfigurationList = 5FBD1C4E1861AE8F0073B7E6 /* Build configuration list for PBXProject "Shy" */;
			compatibilityVersion = "Xcode 3.2";
			developmentRegion = English;
			hasScannedForEncodings = 0;
			knownRegions = (
				en,
				Base,
			);
			mainGroup = 5FBD1C4A1861AE8F0073B7E6;
			productRefGroup = 5FBD1C541861AE8F0073B7E6 /* Products */;
			projectDirPath = "";
			projectRoot = "";
			targets = (
				5FBD1C521861AE8F0073B7E6 /* Shy */,
				5FBD1C731861AE8F0073B7E6 /* ShyTests */,
			);
		};
/* End PBXProject section */

/* Begin PBXResourcesBuildPhase section */
		5FBD1C511861AE8F0073B7E6 /* Resources */ = {
			isa = PBXResourcesBuildPhase;
			buildActionMask = 2147483647;
			files = (
				5FBD1C6F1861AE8F0073B7E6 /* Images.xcassets in Resources */,
				7EFAC29019B7ECAA00B2C78B /* Default.png in Resources */,
				7EFAC2B819B7F42800B2C78B /* iTunesArtwork512 in Resources */,
				7EFAC2A319B7ECC700B2C78B /* sex-redish.png in Resources */,
				7EFAC2B919B7F42800B2C78B /* iTunesArtwork1024 in Resources */,
				7EFAC29F19B7ECC700B2C78B /* friends-yellow.png in Resources */,
				5FBD1C611861AE8F0073B7E6 /* InfoPlist.strings in Resources */,
				7EFAC2B719B7F42800B2C78B /* Icon@2x.png in Resources */,
				7EFAC2A019B7ECC700B2C78B /* health-green.png in Resources */,
				7EFAC2B119B7F42800B2C78B /* Icon-29@2x.png in Resources */,
				7EFAC29C19B7ECC700B2C78B /* drugsandalcohol-darkgreen.png in Resources */,
				7E11EB4019BD07D100CB7300 /* chevron.png in Resources */,
				7EC8FD3C19BDBFCD00036037 /* settings.png in Resources */,
				7EFAC2B619B7F42800B2C78B /* Icon.png in Resources */,
				7E11EB3E19BCC6DC00CB7300 /* categories.png in Resources */,
				7EFAC2B219B7F42800B2C78B /* Icon-40.png in Resources */,
				5FBD1C6A1861AE8F0073B7E6 /* Main.storyboard in Resources */,
				7EFAC2B419B7F42800B2C78B /* Icon-60.png in Resources */,
				5F85BF051861B5C100C3504E /* PersonalInformationViewController.xib in Resources */,
				7E11EB3C19BCBEC400CB7300 /* CategoryViewController.xib in Resources */,
				7EFAC29E19B7ECC700B2C78B /* feelings-deeppurple.png in Resources */,
				7EFAC29219B7ECBA00B2C78B /* panda-small.png in Resources */,
				7EFAC2A119B7ECC700B2C78B /* relationships-purple.png in Resources */,
				7EFAC2A419B7ECC700B2C78B /* yourbody-blue.png in Resources */,
				7EFAC2A219B7ECC700B2C78B /* school-turqouise.png in Resources */,
				7EFAC2B519B7F42800B2C78B /* Icon-60@2x.png in Resources */,
				7EFAC2B319B7F42800B2C78B /* Icon-40@2x.png in Resources */,
				7EFAC29D19B7ECC700B2C78B /* family-orange.png in Resources */,
				7EFAC2B019B7F42800B2C78B /* Icon-29.png in Resources */,
			);
			runOnlyForDeploymentPostprocessing = 0;
		};
		5FBD1C721861AE8F0073B7E6 /* Resources */ = {
			isa = PBXResourcesBuildPhase;
			buildActionMask = 2147483647;
			files = (
				5FBD1C801861AE8F0073B7E6 /* InfoPlist.strings in Resources */,
			);
			runOnlyForDeploymentPostprocessing = 0;
		};
/* End PBXResourcesBuildPhase section */

/* Begin PBXSourcesBuildPhase section */
		5FBD1C4F1861AE8F0073B7E6 /* Sources */ = {
			isa = PBXSourcesBuildPhase;
			buildActionMask = 2147483647;
			files = (
				5FBD1C631861AE8F0073B7E6 /* main.m in Sources */,
				7EFAC28E19B7A05000B2C78B /* UserInformation.m in Sources */,
				7ECCB1B819BBB18C00E5B9B2 /* QuestionSticker.m in Sources */,
				7EA4B6E219B4D782005BB9BC /* Questions.m in Sources */,
				7ED6B7A919BD9BD400A739C8 /* InitialSetup.m in Sources */,
				7E11EB3B19BCBEC400CB7300 /* CategoryViewController.m in Sources */,
				5FBD1C6D1861AE8F0073B7E6 /* MainViewController.m in Sources */,
				7EA4B6DF19B4C3B4005BB9BC /* Question.m in Sources */,
				5FBD1C671861AE8F0073B7E6 /* BUGAppDelegate.m in Sources */,
				5F85BF041861B5C100C3504E /* PersonalInformationViewController.m in Sources */,
				7ED6B7AC19BD9C8F00A739C8 /* InternalCategory.m in Sources */,
			);
			runOnlyForDeploymentPostprocessing = 0;
		};
		5FBD1C701861AE8F0073B7E6 /* Sources */ = {
			isa = PBXSourcesBuildPhase;
			buildActionMask = 2147483647;
			files = (
				5FBD1C821861AE8F0073B7E6 /* KeyboardBugTests.m in Sources */,
			);
			runOnlyForDeploymentPostprocessing = 0;
		};
/* End PBXSourcesBuildPhase section */

/* Begin PBXTargetDependency section */
		5FBD1C7A1861AE8F0073B7E6 /* PBXTargetDependency */ = {
			isa = PBXTargetDependency;
			target = 5FBD1C521861AE8F0073B7E6 /* Shy */;
			targetProxy = 5FBD1C791861AE8F0073B7E6 /* PBXContainerItemProxy */;
		};
/* End PBXTargetDependency section */

/* Begin PBXVariantGroup section */
		5FBD1C5F1861AE8F0073B7E6 /* InfoPlist.strings */ = {
			isa = PBXVariantGroup;
			children = (
				5FBD1C601861AE8F0073B7E6 /* en */,
			);
			name = InfoPlist.strings;
			sourceTree = "<group>";
		};
		5FBD1C681861AE8F0073B7E6 /* Main.storyboard */ = {
			isa = PBXVariantGroup;
			children = (
				5FBD1C691861AE8F0073B7E6 /* Base */,
			);
			name = Main.storyboard;
			sourceTree = "<group>";
		};
		5FBD1C7E1861AE8F0073B7E6 /* InfoPlist.strings */ = {
			isa = PBXVariantGroup;
			children = (
				5FBD1C7F1861AE8F0073B7E6 /* en */,
			);
			name = InfoPlist.strings;
			sourceTree = "<group>";
		};
/* End PBXVariantGroup section */

/* Begin XCBuildConfiguration section */
		5FBD1C831861AE8F0073B7E6 /* Debug */ = {
			isa = XCBuildConfiguration;
			buildSettings = {
				ALWAYS_SEARCH_USER_PATHS = NO;
				CLANG_CXX_LANGUAGE_STANDARD = "gnu++0x";
				CLANG_CXX_LIBRARY = "libc++";
				CLANG_ENABLE_MODULES = YES;
				CLANG_ENABLE_OBJC_ARC = YES;
				CLANG_WARN_BOOL_CONVERSION = YES;
				CLANG_WARN_CONSTANT_CONVERSION = YES;
				CLANG_WARN_DIRECT_OBJC_ISA_USAGE = YES_ERROR;
				CLANG_WARN_EMPTY_BODY = YES;
				CLANG_WARN_ENUM_CONVERSION = YES;
				CLANG_WARN_INT_CONVERSION = YES;
				CLANG_WARN_OBJC_ROOT_CLASS = YES_ERROR;
				CLANG_WARN__DUPLICATE_METHOD_MATCH = YES;
				"CODE_SIGN_IDENTITY[sdk=iphoneos*]" = "iPhone Developer";
				COPY_PHASE_STRIP = NO;
				GCC_C_LANGUAGE_STANDARD = gnu99;
				GCC_DYNAMIC_NO_PIC = NO;
				GCC_OPTIMIZATION_LEVEL = 0;
				GCC_PREPROCESSOR_DEFINITIONS = (
					"DEBUG=1",
					"$(inherited)",
				);
				GCC_SYMBOLS_PRIVATE_EXTERN = NO;
				GCC_WARN_64_TO_32_BIT_CONVERSION = YES;
				GCC_WARN_ABOUT_RETURN_TYPE = YES_ERROR;
				GCC_WARN_UNDECLARED_SELECTOR = YES;
				GCC_WARN_UNINITIALIZED_AUTOS = YES;
				GCC_WARN_UNUSED_FUNCTION = YES;
				GCC_WARN_UNUSED_VARIABLE = YES;
				IPHONEOS_DEPLOYMENT_TARGET = 7.0;
				ONLY_ACTIVE_ARCH = YES;
				SDKROOT = iphoneos;
			};
			name = Debug;
		};
		5FBD1C841861AE8F0073B7E6 /* Release */ = {
			isa = XCBuildConfiguration;
			buildSettings = {
				ALWAYS_SEARCH_USER_PATHS = NO;
				CLANG_CXX_LANGUAGE_STANDARD = "gnu++0x";
				CLANG_CXX_LIBRARY = "libc++";
				CLANG_ENABLE_MODULES = YES;
				CLANG_ENABLE_OBJC_ARC = YES;
				CLANG_WARN_BOOL_CONVERSION = YES;
				CLANG_WARN_CONSTANT_CONVERSION = YES;
				CLANG_WARN_DIRECT_OBJC_ISA_USAGE = YES_ERROR;
				CLANG_WARN_EMPTY_BODY = YES;
				CLANG_WARN_ENUM_CONVERSION = YES;
				CLANG_WARN_INT_CONVERSION = YES;
				CLANG_WARN_OBJC_ROOT_CLASS = YES_ERROR;
				CLANG_WARN__DUPLICATE_METHOD_MATCH = YES;
				"CODE_SIGN_IDENTITY[sdk=iphoneos*]" = "iPhone Developer";
				COPY_PHASE_STRIP = YES;
				ENABLE_NS_ASSERTIONS = NO;
				GCC_C_LANGUAGE_STANDARD = gnu99;
				GCC_WARN_64_TO_32_BIT_CONVERSION = YES;
				GCC_WARN_ABOUT_RETURN_TYPE = YES_ERROR;
				GCC_WARN_UNDECLARED_SELECTOR = YES;
				GCC_WARN_UNINITIALIZED_AUTOS = YES;
				GCC_WARN_UNUSED_FUNCTION = YES;
				GCC_WARN_UNUSED_VARIABLE = YES;
				IPHONEOS_DEPLOYMENT_TARGET = 7.0;
				SDKROOT = iphoneos;
				VALIDATE_PRODUCT = YES;
			};
			name = Release;
		};
		5FBD1C861861AE8F0073B7E6 /* Debug */ = {
			isa = XCBuildConfiguration;
			buildSettings = {
				ASSETCATALOG_COMPILER_APPICON_NAME = AppIcon;
				ASSETCATALOG_COMPILER_LAUNCHIMAGE_NAME = LaunchImage;
				CODE_SIGN_IDENTITY = "iPhone Developer";
				GCC_PRECOMPILE_PREFIX_HEADER = YES;
				GCC_PREFIX_HEADER = "KeyboardBug/Shy-Prefix.pch";
				INFOPLIST_FILE = "KeyboardBug/Shy-Info.plist";
				PRODUCT_NAME = shy;
				WRAPPER_EXTENSION = app;
			};
			name = Debug;
		};
		5FBD1C871861AE8F0073B7E6 /* Release */ = {
			isa = XCBuildConfiguration;
			buildSettings = {
				ASSETCATALOG_COMPILER_APPICON_NAME = AppIcon;
				ASSETCATALOG_COMPILER_LAUNCHIMAGE_NAME = LaunchImage;
				CODE_SIGN_IDENTITY = "iPhone Developer";
				GCC_PRECOMPILE_PREFIX_HEADER = YES;
				GCC_PREFIX_HEADER = "KeyboardBug/Shy-Prefix.pch";
				INFOPLIST_FILE = "KeyboardBug/Shy-Info.plist";
				PRODUCT_NAME = shy;
				WRAPPER_EXTENSION = app;
			};
			name = Release;
		};
		5FBD1C891861AE8F0073B7E6 /* Debug */ = {
			isa = XCBuildConfiguration;
			buildSettings = {
				BUNDLE_LOADER = "$(BUILT_PRODUCTS_DIR)/KeyboardBug.app/KeyboardBug";
				FRAMEWORK_SEARCH_PATHS = (
					"$(SDKROOT)/Developer/Library/Frameworks",
					"$(inherited)",
					"$(DEVELOPER_FRAMEWORKS_DIR)",
				);
				GCC_PRECOMPILE_PREFIX_HEADER = YES;
				GCC_PREFIX_HEADER = "KeyboardBug/KeyboardBug-Prefix.pch";
				GCC_PREPROCESSOR_DEFINITIONS = (
					"DEBUG=1",
					"$(inherited)",
				);
				INFOPLIST_FILE = "KeyboardBugTests/ShyTests-Info.plist";
				PRODUCT_NAME = ShyTests;
				TEST_HOST = "$(BUNDLE_LOADER)";
				WRAPPER_EXTENSION = xctest;
			};
			name = Debug;
		};
		5FBD1C8A1861AE8F0073B7E6 /* Release */ = {
			isa = XCBuildConfiguration;
			buildSettings = {
				BUNDLE_LOADER = "$(BUILT_PRODUCTS_DIR)/KeyboardBug.app/KeyboardBug";
				FRAMEWORK_SEARCH_PATHS = (
					"$(SDKROOT)/Developer/Library/Frameworks",
					"$(inherited)",
					"$(DEVELOPER_FRAMEWORKS_DIR)",
				);
				GCC_PRECOMPILE_PREFIX_HEADER = YES;
				GCC_PREFIX_HEADER = "KeyboardBug/KeyboardBug-Prefix.pch";
				INFOPLIST_FILE = "KeyboardBugTests/ShyTests-Info.plist";
				PRODUCT_NAME = ShyTests;
				TEST_HOST = "$(BUNDLE_LOADER)";
				WRAPPER_EXTENSION = xctest;
			};
			name = Release;
		};
/* End XCBuildConfiguration section */

/* Begin XCConfigurationList section */
		5FBD1C4E1861AE8F0073B7E6 /* Build configuration list for PBXProject "Shy" */ = {
			isa = XCConfigurationList;
			buildConfigurations = (
				5FBD1C831861AE8F0073B7E6 /* Debug */,
				5FBD1C841861AE8F0073B7E6 /* Release */,
			);
			defaultConfigurationIsVisible = 0;
			defaultConfigurationName = Release;
		};
		5FBD1C851861AE8F0073B7E6 /* Build configuration list for PBXNativeTarget "Shy" */ = {
			isa = XCConfigurationList;
			buildConfigurations = (
				5FBD1C861861AE8F0073B7E6 /* Debug */,
				5FBD1C871861AE8F0073B7E6 /* Release */,
			);
			defaultConfigurationIsVisible = 0;
			defaultConfigurationName = Release;
		};
		5FBD1C881861AE8F0073B7E6 /* Build configuration list for PBXNativeTarget "ShyTests" */ = {
			isa = XCConfigurationList;
			buildConfigurations = (
				5FBD1C891861AE8F0073B7E6 /* Debug */,
				5FBD1C8A1861AE8F0073B7E6 /* Release */,
			);
			defaultConfigurationIsVisible = 0;
			defaultConfigurationName = Release;
		};
/* End XCConfigurationList section */
	};
	rootObject = 5FBD1C4B1861AE8F0073B7E6 /* Project object */;
}
